
Microsoft Visual Studio Solution File, Format Version 12.00
# Visual Studio Version 16
VisualStudioVersion = 16.0.28803.202
MinimumVisualStudioVersion = 10.0.40219.1
Project("{9A19103F-16F7-4668-BE54-9A1E7A4F7556}") = "DurableSaga", "DurableSaga\DurableSaga.csproj", "{9CA85893-0550-4F04-98D0-863DD22AED48}"
EndProject
Global
	GlobalSection(SolutionConfigurationPlatforms) = preSolution
		Debug|Any CPU = Debug|Any CPU
		Release|Any CPU = Release|Any CPU
	EndGlobalSection
	GlobalSection(ProjectConfigurationPlatforms) = postSolution
		{9CA85893-0550-4F04-98D0-863DD22AED48}.Debug|Any CPU.ActiveCfg = Debug|Any CPU
		{9CA85893-0550-4F04-98D0-863DD22AED48}.Debug|Any CPU.Build.0 = Debug|Any CPU
		{9CA85893-0550-4F04-98D0-863DD22AED48}.Release|Any CPU.ActiveCfg = Release|Any CPU
		{9CA85893-0550-4F04-98D0-863DD22AED48}.Release|Any CPU.Build.0 = Release|Any CPU
	EndGlobalSection
	GlobalSection(SolutionProperties) = preSolution
		HideSolutionNode = FALSE
	EndGlobalSection
	GlobalSection(ExtensibilityGlobals) = postSolution
		SolutionGuid = {EC8F67B7-0BA0-4DD0-A42E-D37CE3634C0B}
	EndGlobalSection
EndGlobal
